#MicroXplorer Configuration settings - do not modify
ADC1.CommonPathInternal=null|null|null|null
ADC1.EOCSelection=ADC_EOC_SEQ_CONV
ADC1.EnableInjectedConversion=ENABLE
ADC1.EnableInjectedOversampling=DISABLE
ADC1.EnableRegularConversion=DISABLE
ADC1.ExternalTrigInjecConv=ADC_EXTERNALTRIGINJEC_T1_CC4
ADC1.ExternalTrigInjecConvEdge=ADC_EXTERNALTRIGINJECCONV_EDGE_RISING
ADC1.IPParameters=master,EnableRegularConversion,EnableInjectedConversion,InjectedRank-1\#ChannelInjectedConversion,InjectedChannel-1\#ChannelInjectedConversion,Rank1_Channel,InjectedSamplingTime-1\#ChannelInjectedConversion,InjectedOffsetNumber-1\#ChannelInjectedConversion,InjectedRank-2\#ChannelInjectedConversion,InjectedChannel-2\#ChannelInjectedConversion,Rank2_Channel,InjectedSamplingTime-2\#ChannelInjectedConversion,InjectedOffsetNumber-2\#ChannelInjectedConversion,InjNumberOfConversion,ExternalTrigInjecConv,InjectedConvMode,EOCSelection,Overrun,ExternalTrigInjecConvEdge,EnableInjectedOversampling,CommonPathInternal
ADC1.InjNumberOfConversion=2
ADC1.InjectedChannel-1\#ChannelInjectedConversion=ADC_CHANNEL_1
ADC1.InjectedChannel-2\#ChannelInjectedConversion=ADC_CHANNEL_VOPAMP1
ADC1.InjectedConvMode=Discontinuous
ADC1.InjectedOffsetNumber-1\#ChannelInjectedConversion=ADC_OFFSET_NONE
ADC1.InjectedOffsetNumber-2\#ChannelInjectedConversion=ADC_OFFSET_NONE
ADC1.InjectedRank-1\#ChannelInjectedConversion=1
ADC1.InjectedRank-2\#ChannelInjectedConversion=2
ADC1.InjectedSamplingTime-1\#ChannelInjectedConversion=ADC_SAMPLETIME_24CYCLES_5
ADC1.InjectedSamplingTime-2\#ChannelInjectedConversion=ADC_SAMPLETIME_24CYCLES_5
ADC1.Overrun=ADC_OVR_DATA_OVERWRITTEN
ADC1.Rank1_Channel=ADC_CHANNEL_1
ADC1.Rank2_Channel=ADC_CHANNEL_VOPAMP1
ADC1.master=1
ADC2.CommonPathInternal=null|null|null|null
ADC2.EOCSelection=ADC_EOC_SEQ_CONV
ADC2.EnableInjectedConversion=ENABLE
ADC2.EnableInjectedOversampling=DISABLE
ADC2.EnableRegularConversion=DISABLE
ADC2.ExternalTrigInjecConv=ADC_EXTERNALTRIGINJEC_T1_CC4
ADC2.ExternalTrigInjecConvEdge=ADC_EXTERNALTRIGINJECCONV_EDGE_RISING
ADC2.IPParameters=EnableRegularConversion,EnableInjectedConversion,InjectedRank-1\#ChannelInjectedConversion,InjectedChannel-1\#ChannelInjectedConversion,Rank1_Channel,InjectedSamplingTime-1\#ChannelInjectedConversion,InjectedOffsetNumber-1\#ChannelInjectedConversion,InjectedRank-2\#ChannelInjectedConversion,InjectedChannel-2\#ChannelInjectedConversion,Rank2_Channel,InjectedSamplingTime-2\#ChannelInjectedConversion,InjectedOffsetNumber-2\#ChannelInjectedConversion,InjNumberOfConversion,ExternalTrigInjecConv,ExternalTrigInjecConvEdge,EnableInjectedOversampling,InjectedConvMode,Overrun,EOCSelection,CommonPathInternal
ADC2.InjNumberOfConversion=2
ADC2.InjectedChannel-1\#ChannelInjectedConversion=ADC_CHANNEL_17
ADC2.InjectedChannel-2\#ChannelInjectedConversion=ADC_CHANNEL_VOPAMP2
ADC2.InjectedConvMode=Discontinuous
ADC2.InjectedOffsetNumber-1\#ChannelInjectedConversion=ADC_OFFSET_NONE
ADC2.InjectedOffsetNumber-2\#ChannelInjectedConversion=ADC_OFFSET_NONE
ADC2.InjectedRank-1\#ChannelInjectedConversion=1
ADC2.InjectedRank-2\#ChannelInjectedConversion=2
ADC2.InjectedSamplingTime-1\#ChannelInjectedConversion=ADC_SAMPLETIME_24CYCLES_5
ADC2.InjectedSamplingTime-2\#ChannelInjectedConversion=ADC_SAMPLETIME_24CYCLES_5
ADC2.Overrun=ADC_OVR_DATA_OVERWRITTEN
ADC2.Rank1_Channel=ADC_CHANNEL_17
ADC2.Rank2_Channel=ADC_CHANNEL_VOPAMP2
ADC3.CommonPathInternal=null|null|null|null
ADC3.EOCSelection=ADC_EOC_SEQ_CONV
ADC3.EnableInjectedConversion=ENABLE
ADC3.EnableInjectedOversampling=DISABLE
ADC3.EnableRegularConversion=DISABLE
ADC3.ExternalTrigInjecConv=ADC_EXTERNALTRIGINJEC_T1_CC4
ADC3.ExternalTrigInjecConvEdge=ADC_EXTERNALTRIGINJECCONV_EDGE_RISING
ADC3.IPParameters=master,EnableRegularConversion,EnableInjectedConversion,Overrun,EOCSelection,InjectedRank-1\#ChannelInjectedConversion,InjectedChannel-1\#ChannelInjectedConversion,Rank1_Channel,InjectedSamplingTime-1\#ChannelInjectedConversion,InjectedOffsetNumber-1\#ChannelInjectedConversion,InjectedRank-2\#ChannelInjectedConversion,InjectedChannel-2\#ChannelInjectedConversion,Rank2_Channel,InjectedSamplingTime-2\#ChannelInjectedConversion,InjectedOffsetNumber-2\#ChannelInjectedConversion,InjNumberOfConversion,ExternalTrigInjecConv,ExternalTrigInjecConvEdge,EnableInjectedOversampling,InjectedConvMode,CommonPathInternal
ADC3.InjNumberOfConversion=2
ADC3.InjectedChannel-1\#ChannelInjectedConversion=ADC_CHANNEL_12
ADC3.InjectedChannel-2\#ChannelInjectedConversion=ADC_CHANNEL_VOPAMP3_ADC3
ADC3.InjectedConvMode=Discontinuous
ADC3.InjectedOffsetNumber-1\#ChannelInjectedConversion=ADC_OFFSET_NONE
ADC3.InjectedOffsetNumber-2\#ChannelInjectedConversion=ADC_OFFSET_NONE
ADC3.InjectedRank-1\#ChannelInjectedConversion=1
ADC3.InjectedRank-2\#ChannelInjectedConversion=2
ADC3.InjectedSamplingTime-1\#ChannelInjectedConversion=ADC_SAMPLETIME_24CYCLES_5
ADC3.InjectedSamplingTime-2\#ChannelInjectedConversion=ADC_SAMPLETIME_24CYCLES_5
ADC3.Overrun=ADC_OVR_DATA_OVERWRITTEN
ADC3.Rank1_Channel=ADC_CHANNEL_12
ADC3.Rank2_Channel=ADC_CHANNEL_VOPAMP3_ADC3
ADC3.master=1
ADC4.CommonPathInternal=ADC_CHANNEL_VREFINT|null|null|null
ADC4.EOCSelection=ADC_EOC_SEQ_CONV
ADC4.EnableInjectedConversion=ENABLE
ADC4.EnableRegularConversion=DISABLE
ADC4.ExternalTrigInjecConv=ADC_EXTERNALTRIGINJEC_T1_CC4
ADC4.ExternalTrigInjecConvEdge=ADC_EXTERNALTRIGINJECCONV_EDGE_RISING
ADC4.IPParameters=EnableRegularConversion,Overrun,EOCSelection,EnableInjectedConversion,InjectedRank-1\#ChannelInjectedConversion,InjectedChannel-1\#ChannelInjectedConversion,Rank1_Channel,InjectedSamplingTime-1\#ChannelInjectedConversion,InjectedOffsetNumber-1\#ChannelInjectedConversion,InjectedRank-2\#ChannelInjectedConversion,InjectedChannel-2\#ChannelInjectedConversion,Rank2_Channel,InjectedSamplingTime-2\#ChannelInjectedConversion,InjectedOffsetNumber-2\#ChannelInjectedConversion,InjNumberOfConversion,InjectedConvMode,ExternalTrigInjecConv,ExternalTrigInjecConvEdge,CommonPathInternal
ADC4.InjNumberOfConversion=2
ADC4.InjectedChannel-1\#ChannelInjectedConversion=ADC_CHANNEL_VREFINT
ADC4.InjectedChannel-2\#ChannelInjectedConversion=ADC_CHANNEL_VOPAMP6
ADC4.InjectedConvMode=Discontinuous
ADC4.InjectedOffsetNumber-1\#ChannelInjectedConversion=ADC_OFFSET_NONE
ADC4.InjectedOffsetNumber-2\#ChannelInjectedConversion=ADC_OFFSET_NONE
ADC4.InjectedRank-1\#ChannelInjectedConversion=1
ADC4.InjectedRank-2\#ChannelInjectedConversion=2
ADC4.InjectedSamplingTime-1\#ChannelInjectedConversion=ADC_SAMPLETIME_24CYCLES_5
ADC4.InjectedSamplingTime-2\#ChannelInjectedConversion=ADC_SAMPLETIME_24CYCLES_5
ADC4.Overrun=ADC_OVR_DATA_OVERWRITTEN
ADC4.Rank1_Channel=ADC_CHANNEL_VREFINT
ADC4.Rank2_Channel=ADC_CHANNEL_VOPAMP6
CAD.formats=
CAD.pinconfig=
CAD.provider=
FDCAN1.CalculateBaudRateNominal=1000000
FDCAN1.CalculateTimeBitNominal=1000
FDCAN1.CalculateTimeQuantumNominal=71.42857142857143
FDCAN1.DataPrescaler=12
FDCAN1.DataTimeSeg1=7
FDCAN1.DataTimeSeg2=6
FDCAN1.FrameFormat=FDCAN_FRAME_FD_NO_BRS
FDCAN1.IPParameters=CalculateTimeQuantumNominal,CalculateTimeBitNominal,CalculateBaudRateNominal,NominalTimeSeg1,NominalTimeSeg2,NominalPrescaler,DataPrescaler,DataTimeSeg1,DataTimeSeg2,FrameFormat
FDCAN1.NominalPrescaler=12
FDCAN1.NominalTimeSeg1=7
FDCAN1.NominalTimeSeg2=6
File.Version=6
GPIO.groupedBy=Group By Peripherals
KeepUserPlacement=false
Mcu.CPN=STM32G473CBT6
Mcu.Family=STM32G4
Mcu.IP0=ADC1
Mcu.IP1=ADC2
Mcu.IP10=RCC
Mcu.IP11=SYS
Mcu.IP12=TIM1
Mcu.IP13=TIM2
Mcu.IP14=TIM7
Mcu.IP2=ADC3
Mcu.IP3=ADC4
Mcu.IP4=FDCAN1
Mcu.IP5=NVIC
Mcu.IP6=OPAMP1
Mcu.IP7=OPAMP2
Mcu.IP8=OPAMP3
Mcu.IP9=OPAMP6
Mcu.IPNb=15
Mcu.Name=STM32G473C(B-C-E)Tx
Mcu.Package=LQFP48
Mcu.Pin0=PF0-OSC_IN
Mcu.Pin1=PA0
Mcu.Pin10=PA11
Mcu.Pin11=PA12
Mcu.Pin12=PA13
Mcu.Pin13=PA14
Mcu.Pin14=PB4
Mcu.Pin15=PB5
Mcu.Pin16=VP_ADC1_OPAMP_INTERNAL1
Mcu.Pin17=VP_ADC2_OPAMP_INTERNAL2
Mcu.Pin18=VP_ADC3_OPAMP_INTERNAL3
Mcu.Pin19=VP_ADC4_OPAMP_INTERNAL6
Mcu.Pin2=PA1
Mcu.Pin20=VP_ADC4_Vref_Input
Mcu.Pin21=VP_SYS_VS_tim6
Mcu.Pin22=VP_SYS_VS_DBSignals
Mcu.Pin23=VP_TIM1_VS_no_output3
Mcu.Pin24=VP_TIM1_VS_no_output4
Mcu.Pin25=VP_TIM2_VS_ClockSourceINT
Mcu.Pin26=VP_TIM7_VS_ClockSourceINT
Mcu.Pin3=PA3
Mcu.Pin4=PA4
Mcu.Pin5=PB0
Mcu.Pin6=PB12
Mcu.Pin7=PB14
Mcu.Pin8=PA8
Mcu.Pin9=PA9
Mcu.PinsNb=27
Mcu.ThirdPartyNb=0
Mcu.UserConstants=
Mcu.UserName=STM32G473CBTx
MxCube.Version=6.13.0
MxDb.Version=DB.6.0.130
NVIC.BusFault_IRQn=true\:0\:0\:false\:false\:true\:false\:false\:false
NVIC.DebugMonitor_IRQn=true\:0\:0\:false\:false\:true\:false\:false\:false
NVIC.ForceEnableDMAVector=true
NVIC.HardFault_IRQn=true\:0\:0\:false\:false\:true\:false\:false\:false
NVIC.MemoryManagement_IRQn=true\:0\:0\:false\:false\:true\:false\:false\:false
NVIC.NonMaskableInt_IRQn=true\:0\:0\:false\:false\:true\:false\:true\:false
NVIC.PendSV_IRQn=true\:0\:0\:false\:false\:true\:false\:false\:false
NVIC.PriorityGroup=NVIC_PRIORITYGROUP_4
NVIC.SVCall_IRQn=true\:0\:0\:false\:false\:true\:false\:false\:false
NVIC.SysTick_IRQn=true\:15\:0\:true\:false\:true\:false\:true\:false
NVIC.TIM1_CC_IRQn=true\:0\:0\:false\:false\:true\:true\:true\:true
NVIC.TIM2_IRQn=true\:0\:0\:false\:false\:true\:true\:true\:true
NVIC.TIM6_DAC_IRQn=true\:15\:0\:false\:false\:true\:false\:true\:true
NVIC.TIM7_DAC_IRQn=true\:0\:0\:false\:false\:true\:true\:true\:true
NVIC.TimeBase=TIM6_DAC_IRQn
NVIC.TimeBaseIP=TIM6
NVIC.UsageFault_IRQn=true\:0\:0\:false\:false\:true\:false\:false\:false
OPAMP1.IPParameters=PowerMode,SelfCalibration
OPAMP1.PowerMode=OPAMP_POWERMODE_HIGHSPEED
OPAMP1.SelfCalibration=Enable
OPAMP2.IPParameters=PowerMode
OPAMP2.PowerMode=OPAMP_POWERMODE_HIGHSPEED
PA0.GPIOParameters=GPIO_Label
PA0.GPIO_Label=ICAP
PA0.Locked=true
PA0.Mode=IN1-Single-Ended
PA0.Signal=ADC1_IN1
PA1.GPIOParameters=GPIO_Label
PA1.GPIO_Label=VCAP
PA1.Locked=true
PA1.Mode=Follower_Internally_Connected
PA1.Signal=OPAMP3_VINP
PA11.Mode=FDCAN_Activate
PA11.Signal=FDCAN1_RX
PA12.Mode=FDCAN_Activate
PA12.Signal=FDCAN1_TX
PA13.Mode=Serial_Wire
PA13.Signal=SYS_JTMS-SWDIO
PA14.Mode=Serial_Wire
PA14.Signal=SYS_JTCK-SWCLK
PA3.GPIOParameters=GPIO_Label
PA3.GPIO_Label=VIN
PA3.Locked=true
PA3.Mode=Follower_Internally_Connected
PA3.Signal=OPAMP1_VINP
PA4.GPIOParameters=GPIO_Label
PA4.GPIO_Label=I_IN
PA4.Locked=true
PA4.Mode=IN17-Single-Ended
PA4.Signal=ADC2_IN17
PA8.GPIOParameters=GPIO_Label
PA8.GPIO_Label=HB_PWM
PA8.Signal=S_TIM1_CH1
PA9.GPIOParameters=GPIO_Speed,GPIO_PuPd,GPIO_Label
PA9.GPIO_Label=HB_EN
PA9.GPIO_PuPd=GPIO_PULLDOWN
PA9.GPIO_Speed=GPIO_SPEED_FREQ_VERY_HIGH
PA9.Locked=true
PA9.Signal=GPIO_Output
PB0.GPIOParameters=GPIO_Label
PB0.GPIO_Label=I_OUT
PB0.Locked=true
PB0.Mode=IN12-Single-Ended
PB0.Signal=ADC3_IN12
PB12.GPIOParameters=GPIO_Label
PB12.GPIO_Label=V_HI
PB12.Locked=true
PB12.Mode=Follower_Internally_Connected
PB12.Signal=OPAMP6_VINP
PB14.GPIOParameters=GPIO_Label
PB14.GPIO_Label=V_LO
PB14.Locked=true
PB14.Mode=Follower_Internally_Connected
PB14.Signal=OPAMP2_VINP
PB4.GPIOParameters=GPIO_Speed,GPIO_PuPd,GPIO_Label
PB4.GPIO_Label=CAPEN
PB4.GPIO_PuPd=GPIO_PULLDOWN
PB4.GPIO_Speed=GPIO_SPEED_FREQ_HIGH
PB4.Locked=true
PB4.Signal=GPIO_Output
PB5.GPIOParameters=GPIO_Speed,PinState,GPIO_PuPd,GPIO_Label
PB5.GPIO_Label=OUTEN
PB5.GPIO_PuPd=GPIO_PULLDOWN
PB5.GPIO_Speed=GPIO_SPEED_FREQ_HIGH
PB5.Locked=true
PB5.PinState=GPIO_PIN_RESET
PB5.Signal=GPIO_Output
PF0-OSC_IN.Mode=HSE-External-Clock-Source
PF0-OSC_IN.Signal=RCC_OSC_IN
PinOutPanel.RotationAngle=0
ProjectManager.AskForMigrate=true
ProjectManager.BackupPrevious=false
ProjectManager.CompilerLinker=GCC
ProjectManager.CompilerOptimize=6
ProjectManager.ComputerToolchain=false
ProjectManager.CoupleFile=true
ProjectManager.CustomerFirmwarePackage=
ProjectManager.DefaultFWLocation=true
ProjectManager.DeletePrevious=true
ProjectManager.DeviceId=STM32G473CBTx
ProjectManager.FirmwarePackage=STM32Cube FW_G4 V1.6.1
ProjectManager.FreePins=true
ProjectManager.HalAssertFull=false
ProjectManager.HeapSize=0x200
ProjectManager.KeepUserCode=true
ProjectManager.LastFirmware=true
ProjectManager.LibraryCopy=0
ProjectManager.MainLocation=Core/Src
ProjectManager.NoMain=false
ProjectManager.PreviousToolchain=
ProjectManager.ProjectBuild=false
ProjectManager.ProjectFileName=cap_g473.ioc
ProjectManager.ProjectName=cap_g473
ProjectManager.ProjectStructure=
ProjectManager.RegisterCallBack=
ProjectManager.StackSize=0x400
ProjectManager.TargetToolchain=MDK-ARM V5.32
ProjectManager.ToolChainLocation=
ProjectManager.UAScriptAfterPath=
ProjectManager.UAScriptBeforePath=
ProjectManager.UnderRoot=false
ProjectManager.functionlistsort=1-SystemClock_Config-RCC-false-HAL-false,2-MX_GPIO_Init-GPIO-false-HAL-true,3-MX_ADC1_Init-ADC1-false-HAL-true,4-MX_ADC2_Init-ADC2-false-HAL-true,5-MX_ADC3_Init-ADC3-false-HAL-true,6-MX_ADC4_Init-ADC4-false-HAL-true,7-MX_OPAMP1_Init-OPAMP1-false-HAL-true,8-MX_OPAMP2_Init-OPAMP2-false-HAL-true,9-MX_OPAMP3_Init-OPAMP3-false-HAL-true,10-MX_OPAMP6_Init-OPAMP6-false-HAL-true,11-MX_TIM1_Init-TIM1-false-HAL-true,12-MX_FDCAN1_Init-FDCAN1-false-HAL-true,13-MX_TIM7_Init-TIM7-false-HAL-true,14-MX_TIM2_Init-TIM2-false-HAL-true
RCC.ADC12Freq_Value=168000000
RCC.ADC345Freq_Value=168000000
RCC.AHBFreq_Value=168000000
RCC.APB1Freq_Value=168000000
RCC.APB1TimFreq_Value=168000000
RCC.APB2Freq_Value=168000000
RCC.APB2TimFreq_Value=168000000
RCC.CRSFreq_Value=48000000
RCC.CortexFreq_Value=168000000
RCC.EXTERNAL_CLOCK_VALUE=12288000
RCC.EnbaleCSS=true
RCC.FCLKCortexFreq_Value=168000000
RCC.FDCANFreq_Value=168000000
RCC.FamilyName=M
RCC.HCLKFreq_Value=168000000
RCC.HRTIM1Freq_Value=168000000
RCC.HSE_VALUE=24000000
RCC.HSI48_VALUE=48000000
RCC.HSI_VALUE=16000000
RCC.I2C1Freq_Value=168000000
RCC.I2C2Freq_Value=168000000
RCC.I2C3Freq_Value=168000000
RCC.I2C4Freq_Value=168000000
RCC.I2SFreq_Value=168000000
RCC.IPParameters=ADC12Freq_Value,ADC345Freq_Value,AHBFreq_Value,APB1Freq_Value,APB1TimFreq_Value,APB2Freq_Value,APB2TimFreq_Value,CRSFreq_Value,CortexFreq_Value,EXTERNAL_CLOCK_VALUE,EnbaleCSS,FCLKCortexFreq_Value,FDCANFreq_Value,FamilyName,HCLKFreq_Value,HRTIM1Freq_Value,HSE_VALUE,HSI48_VALUE,HSI_VALUE,I2C1Freq_Value,I2C2Freq_Value,I2C3Freq_Value,I2C4Freq_Value,I2SFreq_Value,LPTIM1Freq_Value,LPUART1Freq_Value,LSCOPinFreq_Value,LSE_VALUE,LSI_VALUE,MCO1PinFreq_Value,PLLM,PLLN,PLLPoutputFreq_Value,PLLQoutputFreq_Value,PLLRCLKFreq_Value,PLLSourceVirtual,PWRFreq_Value,QSPIFreq_Value,RNGFreq_Value,SAI1Freq_Value,SYSCLKFreq_VALUE,SYSCLKSource,USART1Freq_Value,USART2Freq_Value,USART3Freq_Value,USBFreq_Value,VCOInputFreq_Value,VCOOutputFreq_Value
RCC.LPTIM1Freq_Value=168000000
RCC.LPUART1Freq_Value=168000000
RCC.LSCOPinFreq_Value=32000
RCC.LSE_VALUE=32768
RCC.LSI_VALUE=32000
RCC.MCO1PinFreq_Value=16000000
RCC.PLLM=RCC_PLLM_DIV2
RCC.PLLN=28
RCC.PLLPoutputFreq_Value=168000000
RCC.PLLQoutputFreq_Value=168000000
RCC.PLLRCLKFreq_Value=168000000
RCC.PLLSourceVirtual=RCC_PLLSOURCE_HSE
RCC.PWRFreq_Value=168000000
RCC.QSPIFreq_Value=168000000
RCC.RNGFreq_Value=168000000
RCC.SAI1Freq_Value=168000000
RCC.SYSCLKFreq_VALUE=168000000
RCC.SYSCLKSource=RCC_SYSCLKSOURCE_PLLCLK
RCC.USART1Freq_Value=168000000
RCC.USART2Freq_Value=168000000
RCC.USART3Freq_Value=168000000
RCC.USBFreq_Value=168000000
RCC.VCOInputFreq_Value=12000000
RCC.VCOOutputFreq_Value=336000000
SH.S_TIM1_CH1.0=TIM1_CH1,PWM Generation1 CH1
SH.S_TIM1_CH1.ConfNb=1
TIM1.Channel-PWM\ Generation1\ CH1=TIM_CHANNEL_1
TIM1.Channel-PWM\ Generation3\ No\ Output=TIM_CHANNEL_3
TIM1.Channel-PWM\ Generation4\ No\ Output=TIM_CHANNEL_4
TIM1.CounterMode=TIM_COUNTERMODE_UP
TIM1.Dithering=Disable
TIM1.IPParameters=Channel-PWM Generation1 CH1,PeriodNoDither,PulseNoDither_1,RepetitionCounter,CounterMode,Dithering,Channel-PWM Generation4 No Output,PulseNoDither_4,OC1Preload_PWM,OC4Preload_PWM,Channel-PWM Generation3 No Output,PulseNoDither_3,TIM_MasterSlaveMode,TIM_MasterOutputTrigger
TIM1.OC1Preload_PWM=DISABLE
TIM1.OC4Preload_PWM=ENABLE
TIM1.PeriodNoDither=1680-1
TIM1.PulseNoDither_1=840
TIM1.PulseNoDither_3=960
TIM1.PulseNoDither_4=420
TIM1.RepetitionCounter=0
TIM1.TIM_MasterOutputTrigger=TIM_TRGO_RESET
TIM1.TIM_MasterSlaveMode=TIM_MASTERSLAVEMODE_DISABLE
TIM2.AutoReloadPreload=TIM_AUTORELOAD_PRELOAD_ENABLE
TIM2.IPParameters=PeriodNoDither,Prescaler,AutoReloadPreload
TIM2.PeriodNoDither=9
TIM2.Prescaler=1679
TIM7.AutoReloadPreload=TIM_AUTORELOAD_PRELOAD_ENABLE
TIM7.IPParameters=Prescaler,PeriodNoDither,AutoReloadPreload
TIM7.PeriodNoDither=99
TIM7.Prescaler=167
VP_ADC1_OPAMP_INTERNAL1.Mode=IN-OPAMP1
VP_ADC1_OPAMP_INTERNAL1.Signal=ADC1_OPAMP_INTERNAL1
VP_ADC2_OPAMP_INTERNAL2.Mode=IN-OPAMP2
VP_ADC2_OPAMP_INTERNAL2.Signal=ADC2_OPAMP_INTERNAL2
VP_ADC3_OPAMP_INTERNAL3.Mode=IN-OPAMP3
VP_ADC3_OPAMP_INTERNAL3.Signal=ADC3_OPAMP_INTERNAL3
VP_ADC4_OPAMP_INTERNAL6.Mode=IN-OPAMP6
VP_ADC4_OPAMP_INTERNAL6.Signal=ADC4_OPAMP_INTERNAL6
VP_ADC4_Vref_Input.Mode=IN-Vrefint
VP_ADC4_Vref_Input.Signal=ADC4_Vref_Input
VP_SYS_VS_DBSignals.Mode=DisableDeadBatterySignals
VP_SYS_VS_DBSignals.Signal=SYS_VS_DBSignals
VP_SYS_VS_tim6.Mode=TIM6
VP_SYS_VS_tim6.Signal=SYS_VS_tim6
VP_TIM1_VS_no_output3.Mode=PWM Generation3 No Output
VP_TIM1_VS_no_output3.Signal=TIM1_VS_no_output3
VP_TIM1_VS_no_output4.Mode=PWM Generation4 No Output
VP_TIM1_VS_no_output4.Signal=TIM1_VS_no_output4
VP_TIM2_VS_ClockSourceINT.Mode=Internal
VP_TIM2_VS_ClockSourceINT.Signal=TIM2_VS_ClockSourceINT
VP_TIM7_VS_ClockSourceINT.Mode=Enable_Timer
VP_TIM7_VS_ClockSourceINT.Signal=TIM7_VS_ClockSourceINT
board=custom
